{
  "object": {
    "pins": [
      {
        "package": "CloudEnvironment",
        "repositoryURL": "https://github.com/IBM-Swift/CloudEnvironment.git",
        "state": {
          "branch": null,
          "revision": "1100268ee17670fd320b0d9463a66e13ca24755f",
          "version": "4.0.5"
        }
      },
      {
        "package": "CloudFoundryEnv",
        "repositoryURL": "https://github.com/IBM-Swift/Swift-cfenv.git",
        "state": {
          "branch": null,
          "revision": "6ded559c54871fd7a94a0c7fabe51e096bb1e392",
          "version": "4.1.0"
        }
      },
      {
        "package": "Configuration",
        "repositoryURL": "https://github.com/IBM-Swift/Configuration.git",
        "state": {
          "branch": null,
          "revision": "9973bcc64f41c81c9716bf1306079be61f29c998",
          "version": "1.0.4"
        }
      },
      {
        "package": "HeliumLogger",
        "repositoryURL": "https://github.com/IBM-Swift/HeliumLogger.git",
        "state": {
          "branch": null,
          "revision": "2afeb4c02f5a48a7fbd081fe8607b91eeebd7ecb",
          "version": "1.7.1"
        }
      },
      {
        "package": "LoggerAPI",
        "repositoryURL": "https://github.com/IBM-Swift/LoggerAPI.git",
        "state": {
          "branch": null,
          "revision": "6b62fe66da9b8794d6581e5c341710eea3173cd4",
          "version": "1.7.1"
        }
      },
      {
        "package": "Socket",
        "repositoryURL": "https://github.com/IBM-Swift/BlueSocket.git",
        "state": {
          "branch": null,
          "revision": "d7d26f12e9614679423d4f7731de43597ae1e872",
          "version": "0.12.70"
        }
      }
    ]
  },
  "version": 1
}
