// !$*UTF8*$!
{
    archiveVersion = 1;
    classes = {};
    objectVersion = 46;
    rootObject = __RootObject_;
    objects = {
        __RootObject_ = {
            isa = PBXProject;
            attributes = {LastUpgradeCheck = 9999;};
            buildConfigurationList = ___RootConfs_;
            compatibilityVersion = 'Xcode 3.2';
            developmentRegion = English;
            hasScannedForEncodings = 0;
            knownRegions = (en);
            mainGroup = ___RootGroup_;
            productRefGroup = ____Products_;
            projectDirPath = '';
            projectRoot = '';
            targets = (______Target_SwiftyJSON, ______Target_CloudFoundryEnv, ______Target_Socket, ______Target_Server, ______Target_Utils);
        };
        '__PBXFileRef_Package.swift' = {
            isa = PBXFileReference;
            lastKnownFileType = sourcecode.swift;
            path = 'Package.swift';
            sourceTree = '<group>';
        };
        '__PBXFileRef_Package-Builder' = {
            isa = PBXFileReference;
            lastKnownFileType = folder;
            name = 'Package-Builder';
            path = 'Package-Builder';
            sourceTree = '<group>';
        };
        ___RootGroup_ = {
            isa = PBXGroup;
            children = ('__PBXFileRef_Package.swift', _____Configs_, _____Sources_, '__PBXFileRef_Package-Builder', Dependencies_, _______Tests_, ____Products_);
            sourceTree = '<group>';
        };
        '__PBXFileRef_Packages/SwiftyJSON-14.0.0/Source/LclJSONSerialization.swift' = {
            name = 'LclJSONSerialization.swift';
            isa = PBXFileReference;
            lastKnownFileType = sourcecode.swift;
            path = 'Packages/SwiftyJSON-14.0.0/Source/LclJSONSerialization.swift';
            sourceTree = '<group>';
        };
        '__PBXFileRef_Packages/SwiftyJSON-14.0.0/Source/SwiftyJSON.swift' = {
            name = 'SwiftyJSON.swift';
            isa = PBXFileReference;
            lastKnownFileType = sourcecode.swift;
            path = 'Packages/SwiftyJSON-14.0.0/Source/SwiftyJSON.swift';
            sourceTree = '<group>';
        };
        _______Group_SwiftyJSON = {
            isa = PBXGroup;
            name = 'SwiftyJSON';
            sourceTree = '<group>';
            children = ('__PBXFileRef_Packages/SwiftyJSON-14.0.0/Source/LclJSONSerialization.swift', '__PBXFileRef_Packages/SwiftyJSON-14.0.0/Source/SwiftyJSON.swift');
        };
        ______Target_SwiftyJSON = {
            isa = PBXNativeTarget;
            buildConfigurationList = _______Confs_SwiftyJSON;
            buildPhases = (CompilePhase_SwiftyJSON, ___LinkPhase_SwiftyJSON);
            buildRules = ();
            dependencies = ();
            name = 'SwiftyJSON';
            productName = SwiftyJSON;
            productReference = _____Product_SwiftyJSON;
            productType = 'com.apple.product-type.framework';
        };
        _____Product_SwiftyJSON = {
            isa = PBXFileReference;
            explicitFileType = 'wrapper.framework';
            path = 'SwiftyJSON.framework';
            sourceTree = BUILT_PRODUCTS_DIR;
        };
        CompilePhase_SwiftyJSON = {
            isa = PBXSourcesBuildPhase;
            files = ('__src_cc_ref_Packages/SwiftyJSON-14.0.0/Source/LclJSONSerialization.swift', '__src_cc_ref_Packages/SwiftyJSON-14.0.0/Source/SwiftyJSON.swift');
            runOnlyForDeploymentPostprocessing = 0;
        };
        '__src_cc_ref_Packages/SwiftyJSON-14.0.0/Source/LclJSONSerialization.swift' = {
            isa = PBXBuildFile;
            fileRef = '__PBXFileRef_Packages/SwiftyJSON-14.0.0/Source/LclJSONSerialization.swift';
        };
        '__src_cc_ref_Packages/SwiftyJSON-14.0.0/Source/SwiftyJSON.swift' = {
            isa = PBXBuildFile;
            fileRef = '__PBXFileRef_Packages/SwiftyJSON-14.0.0/Source/SwiftyJSON.swift';
        };
        ___LinkPhase_SwiftyJSON = {
            isa = PBXFrameworksBuildPhase;
            files = ();
            runOnlyForDeploymentPostprocessing = 0;
        };
        _______Confs_SwiftyJSON = {
            isa = XCConfigurationList;
            buildConfigurations = (___DebugConf_SwiftyJSON, _ReleaseConf_SwiftyJSON);
            defaultConfigurationIsVisible = 0;
            defaultConfigurationName = Debug;
        };
        ___DebugConf_SwiftyJSON = {
            isa = XCBuildConfiguration;
            buildSettings = { SWIFT_VERSION = '3.0'; LD_RUNPATH_SEARCH_PATHS = '$(TOOLCHAIN_DIR)/usr/lib/swift/macosx'; PRODUCT_MODULE_NAME = '$(TARGET_NAME:c99extidentifier)'; ENABLE_TESTABILITY = 'YES'; OTHER_SWIFT_FLAGS = '$(inherited)'; INFOPLIST_FILE = 'HelloWorldSwift.xcodeproj/SwiftyJSON_Info.plist'; FRAMEWORK_SEARCH_PATHS = '$(PLATFORM_DIR)/Developer/Library/Frameworks'; SWIFT_ACTIVE_COMPILATION_CONDITIONS = 'SWIFT_PACKAGE'; PRODUCT_BUNDLE_IDENTIFIER = 'SwiftyJSON'; PRODUCT_NAME = '$(TARGET_NAME:c99extidentifier)'; OTHER_LDFLAGS = '$(inherited)'; };
            name = Debug;
        };
        _ReleaseConf_SwiftyJSON = {
            isa = XCBuildConfiguration;
            buildSettings = { SWIFT_VERSION = '3.0'; LD_RUNPATH_SEARCH_PATHS = '$(TOOLCHAIN_DIR)/usr/lib/swift/macosx'; PRODUCT_MODULE_NAME = '$(TARGET_NAME:c99extidentifier)'; ENABLE_TESTABILITY = 'YES'; OTHER_SWIFT_FLAGS = '$(inherited)'; INFOPLIST_FILE = 'HelloWorldSwift.xcodeproj/SwiftyJSON_Info.plist'; FRAMEWORK_SEARCH_PATHS = '$(PLATFORM_DIR)/Developer/Library/Frameworks'; SWIFT_ACTIVE_COMPILATION_CONDITIONS = 'SWIFT_PACKAGE'; PRODUCT_BUNDLE_IDENTIFIER = 'SwiftyJSON'; PRODUCT_NAME = '$(TARGET_NAME:c99extidentifier)'; OTHER_LDFLAGS = '$(inherited)'; };
            name = Release;
        };
        __Dependency_SwiftyJSON = {
            isa = PBXTargetDependency;
            target = ______Target_SwiftyJSON;
        };
        '__PBXFileRef_Packages/CloudFoundryEnv-1.6.0/Sources/CloudFoundryEnv/App.swift' = {
            name = 'App.swift';
            isa = PBXFileReference;
            lastKnownFileType = sourcecode.swift;
            path = 'Packages/CloudFoundryEnv-1.6.0/Sources/CloudFoundryEnv/App.swift';
            sourceTree = '<group>';
        };
        '__PBXFileRef_Packages/CloudFoundryEnv-1.6.0/Sources/CloudFoundryEnv/AppEnv.swift' = {
            name = 'AppEnv.swift';
            isa = PBXFileReference;
            lastKnownFileType = sourcecode.swift;
            path = 'Packages/CloudFoundryEnv-1.6.0/Sources/CloudFoundryEnv/AppEnv.swift';
            sourceTree = '<group>';
        };
        '__PBXFileRef_Packages/CloudFoundryEnv-1.6.0/Sources/CloudFoundryEnv/CloudFoundryEnv.swift' = {
            name = 'CloudFoundryEnv.swift';
            isa = PBXFileReference;
            lastKnownFileType = sourcecode.swift;
            path = 'Packages/CloudFoundryEnv-1.6.0/Sources/CloudFoundryEnv/CloudFoundryEnv.swift';
            sourceTree = '<group>';
        };
        '__PBXFileRef_Packages/CloudFoundryEnv-1.6.0/Sources/CloudFoundryEnv/CloudFoundryEnvError.swift' = {
            name = 'CloudFoundryEnvError.swift';
            isa = PBXFileReference;
            lastKnownFileType = sourcecode.swift;
            path = 'Packages/CloudFoundryEnv-1.6.0/Sources/CloudFoundryEnv/CloudFoundryEnvError.swift';
            sourceTree = '<group>';
        };
        '__PBXFileRef_Packages/CloudFoundryEnv-1.6.0/Sources/CloudFoundryEnv/DateUtils.swift' = {
            name = 'DateUtils.swift';
            isa = PBXFileReference;
            lastKnownFileType = sourcecode.swift;
            path = 'Packages/CloudFoundryEnv-1.6.0/Sources/CloudFoundryEnv/DateUtils.swift';
            sourceTree = '<group>';
        };
        '__PBXFileRef_Packages/CloudFoundryEnv-1.6.0/Sources/CloudFoundryEnv/JSONUtils.swift' = {
            name = 'JSONUtils.swift';
            isa = PBXFileReference;
            lastKnownFileType = sourcecode.swift;
            path = 'Packages/CloudFoundryEnv-1.6.0/Sources/CloudFoundryEnv/JSONUtils.swift';
            sourceTree = '<group>';
        };
        '__PBXFileRef_Packages/CloudFoundryEnv-1.6.0/Sources/CloudFoundryEnv/Service.swift' = {
            name = 'Service.swift';
            isa = PBXFileReference;
            lastKnownFileType = sourcecode.swift;
            path = 'Packages/CloudFoundryEnv-1.6.0/Sources/CloudFoundryEnv/Service.swift';
            sourceTree = '<group>';
        };
        _______Group_CloudFoundryEnv = {
            isa = PBXGroup;
            name = 'CloudFoundryEnv';
            sourceTree = '<group>';
            children = ('__PBXFileRef_Packages/CloudFoundryEnv-1.6.0/Sources/CloudFoundryEnv/App.swift', '__PBXFileRef_Packages/CloudFoundryEnv-1.6.0/Sources/CloudFoundryEnv/AppEnv.swift', '__PBXFileRef_Packages/CloudFoundryEnv-1.6.0/Sources/CloudFoundryEnv/CloudFoundryEnv.swift', '__PBXFileRef_Packages/CloudFoundryEnv-1.6.0/Sources/CloudFoundryEnv/CloudFoundryEnvError.swift', '__PBXFileRef_Packages/CloudFoundryEnv-1.6.0/Sources/CloudFoundryEnv/DateUtils.swift', '__PBXFileRef_Packages/CloudFoundryEnv-1.6.0/Sources/CloudFoundryEnv/JSONUtils.swift', '__PBXFileRef_Packages/CloudFoundryEnv-1.6.0/Sources/CloudFoundryEnv/Service.swift');
        };
        ______Target_CloudFoundryEnv = {
            isa = PBXNativeTarget;
            buildConfigurationList = _______Confs_CloudFoundryEnv;
            buildPhases = (CompilePhase_CloudFoundryEnv, ___LinkPhase_CloudFoundryEnv);
            buildRules = ();
            dependencies = (__Dependency_SwiftyJSON);
            name = 'CloudFoundryEnv';
            productName = CloudFoundryEnv;
            productReference = _____Product_CloudFoundryEnv;
            productType = 'com.apple.product-type.framework';
        };
        _____Product_CloudFoundryEnv = {
            isa = PBXFileReference;
            explicitFileType = 'wrapper.framework';
            path = 'CloudFoundryEnv.framework';
            sourceTree = BUILT_PRODUCTS_DIR;
        };
        CompilePhase_CloudFoundryEnv = {
            isa = PBXSourcesBuildPhase;
            files = ('__src_cc_ref_Packages/CloudFoundryEnv-1.6.0/Sources/CloudFoundryEnv/App.swift', '__src_cc_ref_Packages/CloudFoundryEnv-1.6.0/Sources/CloudFoundryEnv/AppEnv.swift', '__src_cc_ref_Packages/CloudFoundryEnv-1.6.0/Sources/CloudFoundryEnv/CloudFoundryEnv.swift', '__src_cc_ref_Packages/CloudFoundryEnv-1.6.0/Sources/CloudFoundryEnv/CloudFoundryEnvError.swift', '__src_cc_ref_Packages/CloudFoundryEnv-1.6.0/Sources/CloudFoundryEnv/DateUtils.swift', '__src_cc_ref_Packages/CloudFoundryEnv-1.6.0/Sources/CloudFoundryEnv/JSONUtils.swift', '__src_cc_ref_Packages/CloudFoundryEnv-1.6.0/Sources/CloudFoundryEnv/Service.swift');
            runOnlyForDeploymentPostprocessing = 0;
        };
        '__src_cc_ref_Packages/CloudFoundryEnv-1.6.0/Sources/CloudFoundryEnv/App.swift' = {
            isa = PBXBuildFile;
            fileRef = '__PBXFileRef_Packages/CloudFoundryEnv-1.6.0/Sources/CloudFoundryEnv/App.swift';
        };
        '__src_cc_ref_Packages/CloudFoundryEnv-1.6.0/Sources/CloudFoundryEnv/AppEnv.swift' = {
            isa = PBXBuildFile;
            fileRef = '__PBXFileRef_Packages/CloudFoundryEnv-1.6.0/Sources/CloudFoundryEnv/AppEnv.swift';
        };
        '__src_cc_ref_Packages/CloudFoundryEnv-1.6.0/Sources/CloudFoundryEnv/CloudFoundryEnv.swift' = {
            isa = PBXBuildFile;
            fileRef = '__PBXFileRef_Packages/CloudFoundryEnv-1.6.0/Sources/CloudFoundryEnv/CloudFoundryEnv.swift';
        };
        '__src_cc_ref_Packages/CloudFoundryEnv-1.6.0/Sources/CloudFoundryEnv/CloudFoundryEnvError.swift' = {
            isa = PBXBuildFile;
            fileRef = '__PBXFileRef_Packages/CloudFoundryEnv-1.6.0/Sources/CloudFoundryEnv/CloudFoundryEnvError.swift';
        };
        '__src_cc_ref_Packages/CloudFoundryEnv-1.6.0/Sources/CloudFoundryEnv/DateUtils.swift' = {
            isa = PBXBuildFile;
            fileRef = '__PBXFileRef_Packages/CloudFoundryEnv-1.6.0/Sources/CloudFoundryEnv/DateUtils.swift';
        };
        '__src_cc_ref_Packages/CloudFoundryEnv-1.6.0/Sources/CloudFoundryEnv/JSONUtils.swift' = {
            isa = PBXBuildFile;
            fileRef = '__PBXFileRef_Packages/CloudFoundryEnv-1.6.0/Sources/CloudFoundryEnv/JSONUtils.swift';
        };
        '__src_cc_ref_Packages/CloudFoundryEnv-1.6.0/Sources/CloudFoundryEnv/Service.swift' = {
            isa = PBXBuildFile;
            fileRef = '__PBXFileRef_Packages/CloudFoundryEnv-1.6.0/Sources/CloudFoundryEnv/Service.swift';
        };
        ___LinkPhase_CloudFoundryEnv = {
            isa = PBXFrameworksBuildPhase;
            files = (_LinkFileRef_SwiftyJSON_via_CloudFoundryEnv);
            runOnlyForDeploymentPostprocessing = 0;
        };
        _LinkFileRef_SwiftyJSON_via_CloudFoundryEnv = {
            isa = PBXBuildFile;
            fileRef = _____Product_SwiftyJSON;
        };
        _______Confs_CloudFoundryEnv = {
            isa = XCConfigurationList;
            buildConfigurations = (___DebugConf_CloudFoundryEnv, _ReleaseConf_CloudFoundryEnv);
            defaultConfigurationIsVisible = 0;
            defaultConfigurationName = Debug;
        };
        ___DebugConf_CloudFoundryEnv = {
            isa = XCBuildConfiguration;
            buildSettings = { SWIFT_VERSION = '3.0'; LD_RUNPATH_SEARCH_PATHS = '$(TOOLCHAIN_DIR)/usr/lib/swift/macosx'; PRODUCT_MODULE_NAME = '$(TARGET_NAME:c99extidentifier)'; ENABLE_TESTABILITY = 'YES'; OTHER_SWIFT_FLAGS = '$(inherited)'; INFOPLIST_FILE = 'HelloWorldSwift.xcodeproj/CloudFoundryEnv_Info.plist'; FRAMEWORK_SEARCH_PATHS = '$(PLATFORM_DIR)/Developer/Library/Frameworks'; SWIFT_ACTIVE_COMPILATION_CONDITIONS = 'SWIFT_PACKAGE'; PRODUCT_BUNDLE_IDENTIFIER = 'CloudFoundryEnv'; PRODUCT_NAME = '$(TARGET_NAME:c99extidentifier)'; OTHER_LDFLAGS = '$(inherited)'; };
            name = Debug;
        };
        _ReleaseConf_CloudFoundryEnv = {
            isa = XCBuildConfiguration;
            buildSettings = { SWIFT_VERSION = '3.0'; LD_RUNPATH_SEARCH_PATHS = '$(TOOLCHAIN_DIR)/usr/lib/swift/macosx'; PRODUCT_MODULE_NAME = '$(TARGET_NAME:c99extidentifier)'; ENABLE_TESTABILITY = 'YES'; OTHER_SWIFT_FLAGS = '$(inherited)'; INFOPLIST_FILE = 'HelloWorldSwift.xcodeproj/CloudFoundryEnv_Info.plist'; FRAMEWORK_SEARCH_PATHS = '$(PLATFORM_DIR)/Developer/Library/Frameworks'; SWIFT_ACTIVE_COMPILATION_CONDITIONS = 'SWIFT_PACKAGE'; PRODUCT_BUNDLE_IDENTIFIER = 'CloudFoundryEnv'; PRODUCT_NAME = '$(TARGET_NAME:c99extidentifier)'; OTHER_LDFLAGS = '$(inherited)'; };
            name = Release;
        };
        __Dependency_CloudFoundryEnv = {
            isa = PBXTargetDependency;
            target = ______Target_CloudFoundryEnv;
        };
        '__PBXFileRef_Packages/Socket-0.10.5/Sources/Socket.swift' = {
            name = 'Socket.swift';
            isa = PBXFileReference;
            lastKnownFileType = sourcecode.swift;
            path = 'Packages/Socket-0.10.5/Sources/Socket.swift';
            sourceTree = '<group>';
        };
        '__PBXFileRef_Packages/Socket-0.10.5/Sources/SocketProtocols.swift' = {
            name = 'SocketProtocols.swift';
            isa = PBXFileReference;
            lastKnownFileType = sourcecode.swift;
            path = 'Packages/Socket-0.10.5/Sources/SocketProtocols.swift';
            sourceTree = '<group>';
        };
        '__PBXFileRef_Packages/Socket-0.10.5/Sources/SocketUtils.swift' = {
            name = 'SocketUtils.swift';
            isa = PBXFileReference;
            lastKnownFileType = sourcecode.swift;
            path = 'Packages/Socket-0.10.5/Sources/SocketUtils.swift';
            sourceTree = '<group>';
        };
        _______Group_Socket = {
            isa = PBXGroup;
            name = 'Socket';
            sourceTree = '<group>';
            children = ('__PBXFileRef_Packages/Socket-0.10.5/Sources/Socket.swift', '__PBXFileRef_Packages/Socket-0.10.5/Sources/SocketProtocols.swift', '__PBXFileRef_Packages/Socket-0.10.5/Sources/SocketUtils.swift');
        };
        ______Target_Socket = {
            isa = PBXNativeTarget;
            buildConfigurationList = _______Confs_Socket;
            buildPhases = (CompilePhase_Socket, ___LinkPhase_Socket);
            buildRules = ();
            dependencies = ();
            name = 'Socket';
            productName = Socket;
            productReference = _____Product_Socket;
            productType = 'com.apple.product-type.framework';
        };
        _____Product_Socket = {
            isa = PBXFileReference;
            explicitFileType = 'wrapper.framework';
            path = 'Socket.framework';
            sourceTree = BUILT_PRODUCTS_DIR;
        };
        CompilePhase_Socket = {
            isa = PBXSourcesBuildPhase;
            files = ('__src_cc_ref_Packages/Socket-0.10.5/Sources/Socket.swift', '__src_cc_ref_Packages/Socket-0.10.5/Sources/SocketProtocols.swift', '__src_cc_ref_Packages/Socket-0.10.5/Sources/SocketUtils.swift');
            runOnlyForDeploymentPostprocessing = 0;
        };
        '__src_cc_ref_Packages/Socket-0.10.5/Sources/Socket.swift' = {
            isa = PBXBuildFile;
            fileRef = '__PBXFileRef_Packages/Socket-0.10.5/Sources/Socket.swift';
        };
        '__src_cc_ref_Packages/Socket-0.10.5/Sources/SocketProtocols.swift' = {
            isa = PBXBuildFile;
            fileRef = '__PBXFileRef_Packages/Socket-0.10.5/Sources/SocketProtocols.swift';
        };
        '__src_cc_ref_Packages/Socket-0.10.5/Sources/SocketUtils.swift' = {
            isa = PBXBuildFile;
            fileRef = '__PBXFileRef_Packages/Socket-0.10.5/Sources/SocketUtils.swift';
        };
        ___LinkPhase_Socket = {
            isa = PBXFrameworksBuildPhase;
            files = ();
            runOnlyForDeploymentPostprocessing = 0;
        };
        _______Confs_Socket = {
            isa = XCConfigurationList;
            buildConfigurations = (___DebugConf_Socket, _ReleaseConf_Socket);
            defaultConfigurationIsVisible = 0;
            defaultConfigurationName = Debug;
        };
        ___DebugConf_Socket = {
            isa = XCBuildConfiguration;
            buildSettings = { SWIFT_VERSION = '3.0'; LD_RUNPATH_SEARCH_PATHS = '$(TOOLCHAIN_DIR)/usr/lib/swift/macosx'; PRODUCT_MODULE_NAME = '$(TARGET_NAME:c99extidentifier)'; ENABLE_TESTABILITY = 'YES'; OTHER_SWIFT_FLAGS = '$(inherited)'; INFOPLIST_FILE = 'HelloWorldSwift.xcodeproj/Socket_Info.plist'; FRAMEWORK_SEARCH_PATHS = '$(PLATFORM_DIR)/Developer/Library/Frameworks'; SWIFT_ACTIVE_COMPILATION_CONDITIONS = 'SWIFT_PACKAGE'; PRODUCT_BUNDLE_IDENTIFIER = 'Socket'; PRODUCT_NAME = '$(TARGET_NAME:c99extidentifier)'; OTHER_LDFLAGS = '$(inherited)'; };
            name = Debug;
        };
        _ReleaseConf_Socket = {
            isa = XCBuildConfiguration;
            buildSettings = { SWIFT_VERSION = '3.0'; LD_RUNPATH_SEARCH_PATHS = '$(TOOLCHAIN_DIR)/usr/lib/swift/macosx'; PRODUCT_MODULE_NAME = '$(TARGET_NAME:c99extidentifier)'; ENABLE_TESTABILITY = 'YES'; OTHER_SWIFT_FLAGS = '$(inherited)'; INFOPLIST_FILE = 'HelloWorldSwift.xcodeproj/Socket_Info.plist'; FRAMEWORK_SEARCH_PATHS = '$(PLATFORM_DIR)/Developer/Library/Frameworks'; SWIFT_ACTIVE_COMPILATION_CONDITIONS = 'SWIFT_PACKAGE'; PRODUCT_BUNDLE_IDENTIFIER = 'Socket'; PRODUCT_NAME = '$(TARGET_NAME:c99extidentifier)'; OTHER_LDFLAGS = '$(inherited)'; };
            name = Release;
        };
        __Dependency_Socket = {
            isa = PBXTargetDependency;
            target = ______Target_Socket;
        };
        '__PBXFileRef_Sources/Server/main.swift' = {
            name = 'main.swift';
            isa = PBXFileReference;
            lastKnownFileType = sourcecode.swift;
            path = 'Sources/Server/main.swift';
            sourceTree = '<group>';
        };
        _______Group_Server = {
            isa = PBXGroup;
            name = 'Server';
            sourceTree = '<group>';
            children = ('__PBXFileRef_Sources/Server/main.swift');
        };
        ______Target_Server = {
            isa = PBXNativeTarget;
            buildConfigurationList = _______Confs_Server;
            buildPhases = (CompilePhase_Server, ___LinkPhase_Server);
            buildRules = ();
            dependencies = (__Dependency_SwiftyJSON, __Dependency_CloudFoundryEnv, __Dependency_Socket, __Dependency_Utils);
            name = 'Server';
            productName = Server;
            productReference = _____Product_Server;
            productType = 'com.apple.product-type.tool';
        };
        _____Product_Server = {
            isa = PBXFileReference;
            explicitFileType = 'compiled.mach-o.executable';
            path = 'Server';
            sourceTree = BUILT_PRODUCTS_DIR;
        };
        CompilePhase_Server = {
            isa = PBXSourcesBuildPhase;
            files = ('__src_cc_ref_Sources/Server/main.swift');
            runOnlyForDeploymentPostprocessing = 0;
        };
        '__src_cc_ref_Sources/Server/main.swift' = {
            isa = PBXBuildFile;
            fileRef = '__PBXFileRef_Sources/Server/main.swift';
        };
        ___LinkPhase_Server = {
            isa = PBXFrameworksBuildPhase;
            files = (_LinkFileRef_SwiftyJSON_via_Server, _LinkFileRef_CloudFoundryEnv_via_Server, _LinkFileRef_Socket_via_Server, _LinkFileRef_Utils_via_Server);
            runOnlyForDeploymentPostprocessing = 0;
        };
        _LinkFileRef_SwiftyJSON_via_Server = {
            isa = PBXBuildFile;
            fileRef = _____Product_SwiftyJSON;
        };
        _LinkFileRef_CloudFoundryEnv_via_Server = {
            isa = PBXBuildFile;
            fileRef = _____Product_CloudFoundryEnv;
        };
        _LinkFileRef_Socket_via_Server = {
            isa = PBXBuildFile;
            fileRef = _____Product_Socket;
        };
        _LinkFileRef_Utils_via_Server = {
            isa = PBXBuildFile;
            fileRef = _____Product_Utils;
        };
        _______Confs_Server = {
            isa = XCConfigurationList;
            buildConfigurations = (___DebugConf_Server, _ReleaseConf_Server);
            defaultConfigurationIsVisible = 0;
            defaultConfigurationName = Debug;
        };
        ___DebugConf_Server = {
            isa = XCBuildConfiguration;
            buildSettings = { LD_RUNPATH_SEARCH_PATHS = '$(TOOLCHAIN_DIR)/usr/lib/swift/macosx @executable_path'; FRAMEWORK_SEARCH_PATHS = '$(PLATFORM_DIR)/Developer/Library/Frameworks'; OTHER_SWIFT_FLAGS = '$(inherited)'; SWIFT_FORCE_STATIC_LINK_STDLIB = 'NO'; SWIFT_FORCE_DYNAMIC_LINK_STDLIB = 'YES'; SWIFT_ACTIVE_COMPILATION_CONDITIONS = 'SWIFT_PACKAGE'; OTHER_LDFLAGS = '$(inherited)'; SWIFT_VERSION = '3.0'; };
            name = Debug;
        };
        _ReleaseConf_Server = {
            isa = XCBuildConfiguration;
            buildSettings = { LD_RUNPATH_SEARCH_PATHS = '$(TOOLCHAIN_DIR)/usr/lib/swift/macosx @executable_path'; FRAMEWORK_SEARCH_PATHS = '$(PLATFORM_DIR)/Developer/Library/Frameworks'; OTHER_SWIFT_FLAGS = '$(inherited)'; SWIFT_FORCE_STATIC_LINK_STDLIB = 'NO'; SWIFT_FORCE_DYNAMIC_LINK_STDLIB = 'YES'; SWIFT_ACTIVE_COMPILATION_CONDITIONS = 'SWIFT_PACKAGE'; OTHER_LDFLAGS = '$(inherited)'; SWIFT_VERSION = '3.0'; };
            name = Release;
        };
        __Dependency_Server = {
            isa = PBXTargetDependency;
            target = ______Target_Server;
        };
        '__PBXFileRef_Sources/Utils/ArgumentsParser.swift' = {
            name = 'ArgumentsParser.swift';
            isa = PBXFileReference;
            lastKnownFileType = sourcecode.swift;
            path = 'Sources/Utils/ArgumentsParser.swift';
            sourceTree = '<group>';
        };
        '__PBXFileRef_Sources/Utils/HttpResponse.swift' = {
            name = 'HttpResponse.swift';
            isa = PBXFileReference;
            lastKnownFileType = sourcecode.swift;
            path = 'Sources/Utils/HttpResponse.swift';
            sourceTree = '<group>';
        };
        '__PBXFileRef_Sources/Utils/StringUtils.swift' = {
            name = 'StringUtils.swift';
            isa = PBXFileReference;
            lastKnownFileType = sourcecode.swift;
            path = 'Sources/Utils/StringUtils.swift';
            sourceTree = '<group>';
        };
        _______Group_Utils = {
            isa = PBXGroup;
            name = 'Utils';
            sourceTree = '<group>';
            children = ('__PBXFileRef_Sources/Utils/ArgumentsParser.swift', '__PBXFileRef_Sources/Utils/HttpResponse.swift', '__PBXFileRef_Sources/Utils/StringUtils.swift');
        };
        ______Target_Utils = {
            isa = PBXNativeTarget;
            buildConfigurationList = _______Confs_Utils;
            buildPhases = (CompilePhase_Utils, ___LinkPhase_Utils);
            buildRules = ();
            dependencies = (__Dependency_SwiftyJSON, __Dependency_CloudFoundryEnv, __Dependency_Socket);
            name = 'Utils';
            productName = Utils;
            productReference = _____Product_Utils;
            productType = 'com.apple.product-type.framework';
        };
        _____Product_Utils = {
            isa = PBXFileReference;
            explicitFileType = 'wrapper.framework';
            path = 'Utils.framework';
            sourceTree = BUILT_PRODUCTS_DIR;
        };
        CompilePhase_Utils = {
            isa = PBXSourcesBuildPhase;
            files = ('__src_cc_ref_Sources/Utils/ArgumentsParser.swift', '__src_cc_ref_Sources/Utils/HttpResponse.swift', '__src_cc_ref_Sources/Utils/StringUtils.swift');
            runOnlyForDeploymentPostprocessing = 0;
        };
        '__src_cc_ref_Sources/Utils/ArgumentsParser.swift' = {
            isa = PBXBuildFile;
            fileRef = '__PBXFileRef_Sources/Utils/ArgumentsParser.swift';
        };
        '__src_cc_ref_Sources/Utils/HttpResponse.swift' = {
            isa = PBXBuildFile;
            fileRef = '__PBXFileRef_Sources/Utils/HttpResponse.swift';
        };
        '__src_cc_ref_Sources/Utils/StringUtils.swift' = {
            isa = PBXBuildFile;
            fileRef = '__PBXFileRef_Sources/Utils/StringUtils.swift';
        };
        ___LinkPhase_Utils = {
            isa = PBXFrameworksBuildPhase;
            files = (_LinkFileRef_SwiftyJSON_via_Utils, _LinkFileRef_CloudFoundryEnv_via_Utils, _LinkFileRef_Socket_via_Utils);
            runOnlyForDeploymentPostprocessing = 0;
        };
        _LinkFileRef_SwiftyJSON_via_Utils = {
            isa = PBXBuildFile;
            fileRef = _____Product_SwiftyJSON;
        };
        _LinkFileRef_CloudFoundryEnv_via_Utils = {
            isa = PBXBuildFile;
            fileRef = _____Product_CloudFoundryEnv;
        };
        _LinkFileRef_Socket_via_Utils = {
            isa = PBXBuildFile;
            fileRef = _____Product_Socket;
        };
        _______Confs_Utils = {
            isa = XCConfigurationList;
            buildConfigurations = (___DebugConf_Utils, _ReleaseConf_Utils);
            defaultConfigurationIsVisible = 0;
            defaultConfigurationName = Debug;
        };
        ___DebugConf_Utils = {
            isa = XCBuildConfiguration;
            buildSettings = { SWIFT_VERSION = '3.0'; LD_RUNPATH_SEARCH_PATHS = '$(TOOLCHAIN_DIR)/usr/lib/swift/macosx'; PRODUCT_MODULE_NAME = '$(TARGET_NAME:c99extidentifier)'; ENABLE_TESTABILITY = 'YES'; OTHER_SWIFT_FLAGS = '$(inherited)'; INFOPLIST_FILE = 'HelloWorldSwift.xcodeproj/Utils_Info.plist'; FRAMEWORK_SEARCH_PATHS = '$(PLATFORM_DIR)/Developer/Library/Frameworks'; SWIFT_ACTIVE_COMPILATION_CONDITIONS = 'SWIFT_PACKAGE'; PRODUCT_BUNDLE_IDENTIFIER = 'Utils'; PRODUCT_NAME = '$(TARGET_NAME:c99extidentifier)'; OTHER_LDFLAGS = '$(inherited)'; };
            name = Debug;
        };
        _ReleaseConf_Utils = {
            isa = XCBuildConfiguration;
            buildSettings = { SWIFT_VERSION = '3.0'; LD_RUNPATH_SEARCH_PATHS = '$(TOOLCHAIN_DIR)/usr/lib/swift/macosx'; PRODUCT_MODULE_NAME = '$(TARGET_NAME:c99extidentifier)'; ENABLE_TESTABILITY = 'YES'; OTHER_SWIFT_FLAGS = '$(inherited)'; INFOPLIST_FILE = 'HelloWorldSwift.xcodeproj/Utils_Info.plist'; FRAMEWORK_SEARCH_PATHS = '$(PLATFORM_DIR)/Developer/Library/Frameworks'; SWIFT_ACTIVE_COMPILATION_CONDITIONS = 'SWIFT_PACKAGE'; PRODUCT_BUNDLE_IDENTIFIER = 'Utils'; PRODUCT_NAME = '$(TARGET_NAME:c99extidentifier)'; OTHER_LDFLAGS = '$(inherited)'; };
            name = Release;
        };
        __Dependency_Utils = {
            isa = PBXTargetDependency;
            target = ______Target_Utils;
        };
        '__PBXFileRef_HelloWorldSwift.xcodeproj/Configs/Project.xcconfig' = {
            isa = PBXFileReference;
            lastKnownFileType = text.xcconfig;
            path = 'HelloWorldSwift.xcodeproj/Configs/Project.xcconfig';
            sourceTree = '<group>';
        };
        '__PBXFileRef_HelloWorldSwift.xcodeproj/Configs/Debug.xcconfig' = {
            isa = PBXFileReference;
            lastKnownFileType = text.xcconfig;
            path = 'HelloWorldSwift.xcodeproj/Configs/Debug.xcconfig';
            sourceTree = '<group>';
        };
        '__PBXFileRef_HelloWorldSwift.xcodeproj/Configs/Release.xcconfig' = {
            isa = PBXFileReference;
            lastKnownFileType = text.xcconfig;
            path = 'HelloWorldSwift.xcodeproj/Configs/Release.xcconfig';
            sourceTree = '<group>';
        };
        _____Configs_ = {
            isa = PBXGroup;
            children = ('__PBXFileRef_HelloWorldSwift.xcodeproj/Configs/Project.xcconfig', '__PBXFileRef_HelloWorldSwift.xcodeproj/Configs/Debug.xcconfig', '__PBXFileRef_HelloWorldSwift.xcodeproj/Configs/Release.xcconfig');
            name = Configs;
            sourceTree = '<group>';
        };
        _____Sources_ = {
            isa = PBXGroup;
            children = (_______Group_SwiftyJSON, _______Group_CloudFoundryEnv, _______Group_Socket, _______Group_Server, _______Group_Utils);
            name = Sources;
            sourceTree = '<group>';
        };
        Dependencies_ = {
            isa = PBXGroup;
            children = (_______Group_SwiftyJSON, _______Group_CloudFoundryEnv, _______Group_Socket);
            name = Dependencies;
            sourceTree = '<group>';
        };
        ____Products_ = {
            isa = PBXGroup;
            children = (_____Product_SwiftyJSON, _____Product_CloudFoundryEnv, _____Product_Socket, _____Product_Server, _____Product_Utils);
            name = Products;
            sourceTree = '<group>';
        };
        _______Debug_ = {
            isa = XCBuildConfiguration;
            baseConfigurationReference = '__PBXFileRef_HelloWorldSwift.xcodeproj/Configs/Debug.xcconfig';
            buildSettings = {};
            name = Debug;
        };
        _____Release_ = {
            isa = XCBuildConfiguration;
            baseConfigurationReference = '__PBXFileRef_HelloWorldSwift.xcodeproj/Configs/Release.xcconfig';
            buildSettings = {};
            name = Release;
        };
        ___RootConfs_ = {
            isa = XCConfigurationList;
            buildConfigurations = (_______Debug_, _____Release_);
            defaultConfigurationIsVisible = 0;
            defaultConfigurationName = Debug;
        };
    };
}
